{
  "nodes": {
    "agenix": {
      "inputs": {
        "nixpkgs": [
          "nixpkgs"
        ]
      },
      "locked": {
        "lastModified": 1790734419,
        "narHash": "sha256-n7wew722m1OTBT9DOIMxNX/NF4zfsSUABAO5eW3wikE=",
        "owner": "ryantm",
        "repo": "agenix",
        "rev": "3daa710894355fa2fad8243380af373a2b4046ef",
        "type": "github"
      },
      "original": {
        "owner": "ryantm",
        "repo": "agenix",
        "type": "github"
      }
    },
    "blender-bin": {
      "inputs": {
        "nixpkgs": "nixpkgs"
      },
      "locked": {
        "lastModified": 1766785730,
        "narHash": "sha256-nkV8QHO5bp6C3a/dRjYxCV1EJtI/R4rSU4RAuunL+Ss=",
        "rev": "32a73188c4026cea3f8ed97078ace45bf9f7f578",
        "revCount": 151,
        "type": "tarball",
        "url": "https://api.flakehub.com/f/pinned/edolstra/blender-bin/1.0.21/019b5ca3-dbde-7440-9e6b-f78ba88d11c8/source.tar.gz"
      },
      "original": {
        "type": "tarball",
        "url": "https://flakehub.com/f/edolstra/blender-bin/%2A"
      }
    },
    "flake-compat": {
      "flake": false,
      "locked": {
        "lastModified": 1777699697,
        "narHash": "sha256-Eg9b/rq/ECYwNwEXs5i9wHyhxNI0JrYx2srdI2uZMaQ=",
        "ref": "refs/heads/main",
        "rev": "382052b74656a369c5408822af3f2501e9b1af81",
        "revCount": 94,
        "type": "git",
        "url": "https://git.lix.systems/lix-project/flake-compat.git"
      },
      "original": {
        "type": "git",
        "url": "https://git.lix.systems/lix-project/flake-compat.git"
      }
    },
    "home-manager": {
      "inputs": {
        "nixpkgs": [
          "nixpkgs"
        ]
      },
      "locked": {
        "lastModified": 1790742243,
        "narHash": "sha256-kaNo6xHiL31AbNNEreG0OTKf4j6Cxlo5bPawjX7lnbQ=",
        "owner": "nix-community",
        "repo": "home-manager",
        "rev": "e5fcd298a00f08b6e8390baf04aa8edb62203070",
        "type": "github"
      },
      "original": {
        "owner": "nix-community",
        "ref": "release-26.05",
        "repo": "home-manager",
        "type": "github"
      }
    },
    "mnw": {
      "locked": {
        "lastModified": 1784154424,
        "narHash": "sha256-HRn4O1X2ShYtbq5Egji72/aemyc2cIQicjRZD9hBqM8=",
        "owner": "Gerg-L",
        "repo": "mnw",
        "rev": "0151d9fa87992cbeb67c86616fb9170dcec830b6",
        "type": "github"
      },
      "original": {
        "owner": "Gerg-L",
        "repo": "mnw",
        "type": "github"
      }
    },
    "nix-flatpak": {
      "locked": {
        "lastModified": 1767983141,
        "narHash": "sha256-7ZCulYUD9RmJIDULTRkGLSW1faMpDlPKcbWJLYHoXcs=",
        "owner": "gmodena",
        "repo": "nix-flatpak",
        "rev": "440818969ac2cbd77bfe025e884d0aa528991374",
        "type": "github"
      },
      "original": {
        "owner": "gmodena",
        "ref": "latest",
        "repo": "nix-flatpak",
        "type": "github"
      }
    },
    "nixpkgs": {
      "locked": {
        "lastModified": 1733808091,
        "narHash": "sha256-KWwINTQelKOoQgrXftxoqxmKFZb9pLVfnRvK270nkVk=",
        "owner": "NixOS",
        "repo": "nixpkgs",
        "rev": "a0f3e10d94359665dba45b71b4227b0aeb851f8e",
        "type": "github"
      },
      "original": {
        "id": "nixpkgs",
        "ref": "nixos-24.11",
        "type": "indirect"
      }
    },
    "nixpkgs_2": {
      "locked": {
        "lastModified": 1790920529,
        "narHash": "sha256-nQyFkMR78WP6PiXKkDW2SjqzLf/spQqjRuxRGSbcV8k=",
        "owner": "NixOS",
        "repo": "nixpkgs",
        "rev": "774debe7a0d1b496e35677ad955a1011c6ff74f3",
        "type": "github"
      },
      "original": {
        "owner": "NixOS",
        "ref": "nixos-26.05",
        "repo": "nixpkgs",
        "type": "github"
      }
    },
    "nixpkgsnew": {
      "locked": {
        "lastModified": 1784783405,
        "narHash": "sha256-4IHyyLgLBdKefkljdKod4IMn023pQiDXAWJA187cmdY=",
        "owner": "NixOS",
        "repo": "nixpkgs",
        "rev": "7525d999cd850b9a488817abc89c75dc733acf17",
        "type": "github"
      },
      "original": {
        "owner": "NixOS",
        "repo": "nixpkgs",
        "rev": "7525d999cd850b9a488817abc89c75dc733acf17",
        "type": "github"
      }
    },
    "nvf": {
      "inputs": {
        "flake-compat": "flake-compat",
        "mnw": "mnw",
        "nixpkgs": [
          "nixpkgs"
        ]
      },
      "locked": {
        "lastModified": 1790797021,
        "narHash": "sha256-H2vA5yUaS58Wtdp46piMbRqSQe3Qn716i/oZPYoyhp8=",
        "owner": "notashelf",
        "repo": "nvf",
        "rev": "2477cb0a5f394df36ddc72867c2657225d93d157",
        "type": "github"
      },
      "original": {
        "owner": "notashelf",
        "repo": "nvf",
        "type": "github"
      }
    },
    "root": {
      "inputs": {
        "agenix": "agenix",
        "blender-bin": "blender-bin",
        "home-manager": "home-manager",
        "nix-flatpak": "nix-flatpak",
        "nixpkgs": "nixpkgs_2",
        "nixpkgsnew": "nixpkgsnew",
        "nvf": "nvf"
      }
    }
  },
  "root": "root",
  "version": 7
}
